
Microsoft Visual Studio Solution File, Format Version 12.00
# Visual Studio Version 16
VisualStudioVersion = 16.0.30225.117
MinimumVisualStudioVersion = 10.0.40219.1
Project("{FAE04EC0-301F-11D3-BF4B-00C04F79EFBC}") = "TextAnalyzer", "TextAnalyzer\TextAnalyzer.csproj", "{3C736D21-A219-470E-8E4F-38464D09BABA}"
EndProject
Global
	GlobalSection(SolutionConfigurationPlatforms) = preSolution
		Debug|Any CPU = Debug|Any CPU
		Release|Any CPU = Release|Any CPU
	EndGlobalSection
	GlobalSection(ProjectConfigurationPlatforms) = postSolution
		{3C736D21-A219-470E-8E4F-38464D09BABA}.Debug|Any CPU.ActiveCfg = Debug|Any CPU
		{3C736D21-A219-470E-8E4F-38464D09BABA}.Debug|Any CPU.Build.0 = Debug|Any CPU
		{3C736D21-A219-470E-8E4F-38464D09BABA}.Release|Any CPU.ActiveCfg = Release|Any CPU
		{3C736D21-A219-470E-8E4F-38464D09BABA}.Release|Any CPU.Build.0 = Release|Any CPU
	EndGlobalSection
	GlobalSection(SolutionProperties) = preSolution
		HideSolutionNode = FALSE
	EndGlobalSection
	GlobalSection(ExtensibilityGlobals) = postSolution
		SolutionGuid = {0E4FD229-48BB-4371-B3F7-7B9F65975BC1}
	EndGlobalSection
EndGlobal
